// !$*UTF8*$!
{
	archiveVersion = 1;
	classes = {
	};
	objectVersion = 56;
	objects = {

/* Begin PBXBuildFile section */
		586558B52BEF6F18008D1F7A /* AppDelegate.swift in Sources */ = {isa = PBXBuildFile; fileRef = 586558B42BEF6F18008D1F7A /* AppDelegate.swift */; };
		586558B72BEF6F18008D1F7A /* SceneDelegate.swift in Sources */ = {isa = PBXBuildFile; fileRef = 586558B62BEF6F18008D1F7A /* SceneDelegate.swift */; };
		586558BE2BEF6F1C008D1F7A /* Assets.xcassets in Resources */ = {isa = PBXBuildFile; fileRef = 586558BD2BEF6F1C008D1F7A /* Assets.xcassets */; };
		586558C12BEF6F1C008D1F7A /* Base in Resources */ = {isa = PBXBuildFile; fileRef = 586558C02BEF6F1C008D1F7A /* Base */; };
		586558C92BEF7775008D1F7A /* AmiiboAPI.swift in Sources */ = {isa = PBXBuildFile; fileRef = 586558C82BEF7775008D1F7A /* AmiiboAPI.swift */; };
		586558CB2BEFB78D008D1F7A /* GameSeriesTableView.swift in Sources */ = {isa = PBXBuildFile; fileRef = 586558CA2BEFB78D008D1F7A /* GameSeriesTableView.swift */; };
		58B713ED2BFC8F7E000DD530 /* NetworkManager.swift in Sources */ = {isa = PBXBuildFile; fileRef = 58B713EC2BFC8F7E000DD530 /* NetworkManager.swift */; };
		58B713F02BFCACE8000DD530 /* CharactersTableViewController.swift in Sources */ = {isa = PBXBuildFile; fileRef = 58B713EF2BFCACE8000DD530 /* CharactersTableViewController.swift */; };
		58B713F22BFCADE7000DD530 /* AmiiboViewController.swift in Sources */ = {isa = PBXBuildFile; fileRef = 58B713F12BFCADE7000DD530 /* AmiiboViewController.swift */; };
/* End PBXBuildFile section */

/* Begin PBXFileReference section */
		586558B12BEF6F18008D1F7A /* Amiibo Gallery.app */ = {isa = PBXFileReference; explicitFileType = wrapper.application; includeInIndex = 0; path = "Amiibo Gallery.app"; sourceTree = BUILT_PRODUCTS_DIR; };
		586558B42BEF6F18008D1F7A /* AppDelegate.swift */ = {isa = PBXFileReference; lastKnownFileType = sourcecode.swift; path = AppDelegate.swift; sourceTree = "<group>"; };
		586558B62BEF6F18008D1F7A /* SceneDelegate.swift */ = {isa = PBXFileReference; lastKnownFileType = sourcecode.swift; path = SceneDelegate.swift; sourceTree = "<group>"; };
		586558BD2BEF6F1C008D1F7A /* Assets.xcassets */ = {isa = PBXFileReference; lastKnownFileType = folder.assetcatalog; path = Assets.xcassets; sourceTree = "<group>"; };
		586558C02BEF6F1C008D1F7A /* Base */ = {isa = PBXFileReference; lastKnownFileType = file.storyboard; name = Base; path = Base.lproj/LaunchScreen.storyboard; sourceTree = "<group>"; };
		586558C22BEF6F1C008D1F7A /* Info.plist */ = {isa = PBXFileReference; lastKnownFileType = text.plist.xml; path = Info.plist; sourceTree = "<group>"; };
		586558C82BEF7775008D1F7A /* AmiiboAPI.swift */ = {isa = PBXFileReference; lastKnownFileType = sourcecode.swift; path = AmiiboAPI.swift; sourceTree = "<group>"; };
		586558CA2BEFB78D008D1F7A /* GameSeriesTableView.swift */ = {isa = PBXFileReference; lastKnownFileType = sourcecode.swift; path = GameSeriesTableView.swift; sourceTree = "<group>"; };
		58B713EC2BFC8F7E000DD530 /* NetworkManager.swift */ = {isa = PBXFileReference; lastKnownFileType = sourcecode.swift; path = NetworkManager.swift; sourceTree = "<group>"; };
		58B713EF2BFCACE8000DD530 /* CharactersTableViewController.swift */ = {isa = PBXFileReference; lastKnownFileType = sourcecode.swift; path = CharactersTableViewController.swift; sourceTree = "<group>"; };
		58B713F12BFCADE7000DD530 /* AmiiboViewController.swift */ = {isa = PBXFileReference; lastKnownFileType = sourcecode.swift; path = AmiiboViewController.swift; sourceTree = "<group>"; };
/* End PBXFileReference section */

/* Begin PBXFrameworksBuildPhase section */
		586558AE2BEF6F18008D1F7A /* Frameworks */ = {
			isa = PBXFrameworksBuildPhase;
			buildActionMask = 2147483647;
			files = (
			);
			runOnlyForDeploymentPostprocessing = 0;
		};
/* End PBXFrameworksBuildPhase section */

/* Begin PBXGroup section */
		586558A82BEF6F18008D1F7A = {
			isa = PBXGroup;
			children = (
				586558B32BEF6F18008D1F7A /* Amiibo Gallery */,
				586558BF2BEF6F1C008D1F7A /* LaunchScreen.storyboard */,
				586558BD2BEF6F1C008D1F7A /* Assets.xcassets */,
				586558B22BEF6F18008D1F7A /* Products */,
			);
			sourceTree = "<group>";
		};
		586558B22BEF6F18008D1F7A /* Products */ = {
			isa = PBXGroup;
			children = (
				586558B12BEF6F18008D1F7A /* Amiibo Gallery.app */,
			);
			name = Products;
			sourceTree = "<group>";
		};
		586558B32BEF6F18008D1F7A /* Amiibo Gallery */ = {
			isa = PBXGroup;
			children = (
				586558CC2BEFF714008D1F7A /* Model */,
				586558CD2BEFF71D008D1F7A /* ViewControllers */,
				58B713EB2BFC8F6A000DD530 /* Services */,
				586558CE2BEFF7EE008D1F7A /* App */,
			);
			path = "Amiibo Gallery";
			sourceTree = "<group>";
		};
		586558CC2BEFF714008D1F7A /* Model */ = {
			isa = PBXGroup;
			children = (
				586558C82BEF7775008D1F7A /* AmiiboAPI.swift */,
			);
			path = Model;
			sourceTree = "<group>";
		};
		586558CD2BEFF71D008D1F7A /* ViewControllers */ = {
			isa = PBXGroup;
			children = (
				586558CA2BEFB78D008D1F7A /* GameSeriesTableView.swift */,
				58B713EF2BFCACE8000DD530 /* CharactersTableViewController.swift */,
				58B713F12BFCADE7000DD530 /* AmiiboViewController.swift */,
			);
			path = ViewControllers;
			sourceTree = "<group>";
		};
		586558CE2BEFF7EE008D1F7A /* App */ = {
			isa = PBXGroup;
			children = (
				586558B42BEF6F18008D1F7A /* AppDelegate.swift */,
				586558B62BEF6F18008D1F7A /* SceneDelegate.swift */,
				586558C22BEF6F1C008D1F7A /* Info.plist */,
			);
			path = App;
			sourceTree = "<group>";
		};
		58B713EB2BFC8F6A000DD530 /* Services */ = {
			isa = PBXGroup;
			children = (
				58B713EC2BFC8F7E000DD530 /* NetworkManager.swift */,
			);
			path = Services;
			sourceTree = "<group>";
		};
/* End PBXGroup section */

/* Begin PBXNativeTarget section */
		586558B02BEF6F18008D1F7A /* Amiibo Gallery */ = {
			isa = PBXNativeTarget;
			buildConfigurationList = 586558C52BEF6F1C008D1F7A /* Build configuration list for PBXNativeTarget "Amiibo Gallery" */;
			buildPhases = (
				586558AD2BEF6F18008D1F7A /* Sources */,
				586558AE2BEF6F18008D1F7A /* Frameworks */,
				586558AF2BEF6F18008D1F7A /* Resources */,
			);
			buildRules = (
			);
			dependencies = (
			);
			name = "Amiibo Gallery";
			productName = "Amiibo Gallery";
			productReference = 586558B12BEF6F18008D1F7A /* Amiibo Gallery.app */;
			productType = "com.apple.product-type.application";
		};
/* End PBXNativeTarget section */

/* Begin PBXProject section */
		586558A92BEF6F18008D1F7A /* Project object */ = {
			isa = PBXProject;
			attributes = {
				BuildIndependentTargetsInParallel = 1;
				LastSwiftUpdateCheck = 1530;
				LastUpgradeCheck = 1530;
				TargetAttributes = {
					586558B02BEF6F18008D1F7A = {
						CreatedOnToolsVersion = 15.3;
					};
				};
			};
			buildConfigurationList = 586558AC2BEF6F18008D1F7A /* Build configuration list for PBXProject "Amiibo Gallery" */;
			compatibilityVersion = "Xcode 14.0";
			developmentRegion = en;
			hasScannedForEncodings = 0;
			knownRegions = (
				en,
				Base,
			);
			mainGroup = 586558A82BEF6F18008D1F7A;
			productRefGroup = 586558B22BEF6F18008D1F7A /* Products */;
			projectDirPath = "";
			projectRoot = "";
			targets = (
				586558B02BEF6F18008D1F7A /* Amiibo Gallery */,
			);
		};
/* End PBXProject section */

/* Begin PBXResourcesBuildPhase section */
		586558AF2BEF6F18008D1F7A /* Resources */ = {
			isa = PBXResourcesBuildPhase;
			buildActionMask = 2147483647;
			files = (
				586558BE2BEF6F1C008D1F7A /* Assets.xcassets in Resources */,
				586558C12BEF6F1C008D1F7A /* Base in Resources */,
			);
			runOnlyForDeploymentPostprocessing = 0;
		};
/* End PBXResourcesBuildPhase section */

/* Begin PBXSourcesBuildPhase section */
		586558AD2BEF6F18008D1F7A /* Sources */ = {
			isa = PBXSourcesBuildPhase;
			buildActionMask = 2147483647;
			files = (
				586558C92BEF7775008D1F7A /* AmiiboAPI.swift in Sources */,
				58B713F02BFCACE8000DD530 /* CharactersTableViewController.swift in Sources */,
				58B713ED2BFC8F7E000DD530 /* NetworkManager.swift in Sources */,
				586558CB2BEFB78D008D1F7A /* GameSeriesTableView.swift in Sources */,
				58B713F22BFCADE7000DD530 /* AmiiboViewController.swift in Sources */,
				586558B52BEF6F18008D1F7A /* AppDelegate.swift in Sources */,
				586558B72BEF6F18008D1F7A /* SceneDelegate.swift in Sources */,
			);
			runOnlyForDeploymentPostprocessing = 0;
		};
/* End PBXSourcesBuildPhase section */

/* Begin PBXVariantGroup section */
		586558BF2BEF6F1C008D1F7A /* LaunchScreen.storyboard */ = {
			isa = PBXVariantGroup;
			children = (
				586558C02BEF6F1C008D1F7A /* Base */,
			);
			name = LaunchScreen.storyboard;
			sourceTree = "<group>";
		};
/* End PBXVariantGroup section */

/* Begin XCBuildConfiguration section */
		586558C32BEF6F1C008D1F7A /* Debug */ = {
			isa = XCBuildConfiguration;
			buildSettings = {
				ALWAYS_SEARCH_USER_PATHS = NO;
				ASSETCATALOG_COMPILER_GENERATE_SWIFT_ASSET_SYMBOL_EXTENSIONS = YES;
				CLANG_ANALYZER_NONNULL = YES;
				CLANG_ANALYZER_NUMBER_OBJECT_CONVERSION = YES_AGGRESSIVE;
				CLANG_CXX_LANGUAGE_STANDARD = "gnu++20";
				CLANG_ENABLE_MODULES = YES;
				CLANG_ENABLE_OBJC_ARC = YES;
				CLANG_ENABLE_OBJC_WEAK = YES;
				CLANG_WARN_BLOCK_CAPTURE_AUTORELEASING = YES;
				CLANG_WARN_BOOL_CONVERSION = YES;
				CLANG_WARN_COMMA = YES;
				CLANG_WARN_CONSTANT_CONVERSION = YES;
				CLANG_WARN_DEPRECATED_OBJC_IMPLEMENTATIONS = YES;
				CLANG_WARN_DIRECT_OBJC_ISA_USAGE = YES_ERROR;
				CLANG_WARN_DOCUMENTATION_COMMENTS = YES;
				CLANG_WARN_EMPTY_BODY = YES;
				CLANG_WARN_ENUM_CONVERSION = YES;
				CLANG_WARN_INFINITE_RECURSION = YES;
				CLANG_WARN_INT_CONVERSION = YES;
				CLANG_WARN_NON_LITERAL_NULL_CONVERSION = YES;
				CLANG_WARN_OBJC_IMPLICIT_RETAIN_SELF = YES;
				CLANG_WARN_OBJC_LITERAL_CONVERSION = YES;
				CLANG_WARN_OBJC_ROOT_CLASS = YES_ERROR;
				CLANG_WARN_QUOTED_INCLUDE_IN_FRAMEWORK_HEADER = YES;
				CLANG_WARN_RANGE_LOOP_ANALYSIS = YES;
				CLANG_WARN_STRICT_PROTOTYPES = YES;
				CLANG_WARN_SUSPICIOUS_MOVE = YES;
				CLANG_WARN_UNGUARDED_AVAILABILITY = YES_AGGRESSIVE;
				CLANG_WARN_UNREACHABLE_CODE = YES;
				CLANG_WARN__DUPLICATE_METHOD_MATCH = YES;
				COPY_PHASE_STRIP = NO;
				DEBUG_INFORMATION_FORMAT = dwarf;
				ENABLE_STRICT_OBJC_MSGSEND = YES;
				ENABLE_TESTABILITY = YES;
				ENABLE_USER_SCRIPT_SANDBOXING = YES;
				GCC_C_LANGUAGE_STANDARD = gnu17;
				GCC_DYNAMIC_NO_PIC = NO;
				GCC_NO_COMMON_BLOCKS = YES;
				GCC_OPTIMIZATION_LEVEL = 0;
				GCC_PREPROCESSOR_DEFINITIONS = (
					"DEBUG=1",
					"$(inherited)",
				);
				GCC_WARN_64_TO_32_BIT_CONVERSION = YES;
				GCC_WARN_ABOUT_RETURN_TYPE = YES_ERROR;
				GCC_WARN_UNDECLARED_SELECTOR = YES;
				GCC_WARN_UNINITIALIZED_AUTOS = YES_AGGRESSIVE;
				GCC_WARN_UNUSED_FUNCTION = YES;
				GCC_WARN_UNUSED_VARIABLE = YES;
				IPHONEOS_DEPLOYMENT_TARGET = 17.4;
				LOCALIZATION_PREFERS_STRING_CATALOGS = YES;
				MTL_ENABLE_DEBUG_INFO = INCLUDE_SOURCE;
				MTL_FAST_MATH = YES;
				ONLY_ACTIVE_ARCH = YES;
				SDKROOT = iphoneos;
				SWIFT_ACTIVE_COMPILATION_CONDITIONS = "DEBUG $(inherited)";
				SWIFT_OPTIMIZATION_LEVEL = "-Onone";
			};
			name = Debug;
		};
		586558C42BEF6F1C008D1F7A /* Release */ = {
			isa = XCBuildConfiguration;
			buildSettings = {
				ALWAYS_SEARCH_USER_PATHS = NO;
				ASSETCATALOG_COMPILER_GENERATE_SWIFT_ASSET_SYMBOL_EXTENSIONS = YES;
				CLANG_ANALYZER_NONNULL = YES;
				CLANG_ANALYZER_NUMBER_OBJECT_CONVERSION = YES_AGGRESSIVE;
				CLANG_CXX_LANGUAGE_STANDARD = "gnu++20";
				CLANG_ENABLE_MODULES = YES;
				CLANG_ENABLE_OBJC_ARC = YES;
				CLANG_ENABLE_OBJC_WEAK = YES;
				CLANG_WARN_BLOCK_CAPTURE_AUTORELEASING = YES;
				CLANG_WARN_BOOL_CONVERSION = YES;
				CLANG_WARN_COMMA = YES;
				CLANG_WARN_CONSTANT_CONVERSION = YES;
				CLANG_WARN_DEPRECATED_OBJC_IMPLEMENTATIONS = YES;
				CLANG_WARN_DIRECT_OBJC_ISA_USAGE = YES_ERROR;
				CLANG_WARN_DOCUMENTATION_COMMENTS = YES;
				CLANG_WARN_EMPTY_BODY = YES;
				CLANG_WARN_ENUM_CONVERSION = YES;
				CLANG_WARN_INFINITE_RECURSION = YES;
				CLANG_WARN_INT_CONVERSION = YES;
				CLANG_WARN_NON_LITERAL_NULL_CONVERSION = YES;
				CLANG_WARN_OBJC_IMPLICIT_RETAIN_SELF = YES;
				CLANG_WARN_OBJC_LITERAL_CONVERSION = YES;
				CLANG_WARN_OBJC_ROOT_CLASS = YES_ERROR;
				CLANG_WARN_QUOTED_INCLUDE_IN_FRAMEWORK_HEADER = YES;
				CLANG_WARN_RANGE_LOOP_ANALYSIS = YES;
				CLANG_WARN_STRICT_PROTOTYPES = YES;
				CLANG_WARN_SUSPICIOUS_MOVE = YES;
				CLANG_WARN_UNGUARDED_AVAILABILITY = YES_AGGRESSIVE;
				CLANG_WARN_UNREACHABLE_CODE = YES;
				CLANG_WARN__DUPLICATE_METHOD_MATCH = YES;
				COPY_PHASE_STRIP = NO;
				DEBUG_INFORMATION_FORMAT = "dwarf-with-dsym";
				ENABLE_NS_ASSERTIONS = NO;
				ENABLE_STRICT_OBJC_MSGSEND = YES;
				ENABLE_USER_SCRIPT_SANDBOXING = YES;
				GCC_C_LANGUAGE_STANDARD = gnu17;
				GCC_NO_COMMON_BLOCKS = YES;
				GCC_WARN_64_TO_32_BIT_CONVERSION = YES;
				GCC_WARN_ABOUT_RETURN_TYPE = YES_ERROR;
				GCC_WARN_UNDECLARED_SELECTOR = YES;
				GCC_WARN_UNINITIALIZED_AUTOS = YES_AGGRESSIVE;
				GCC_WARN_UNUSED_FUNCTION = YES;
				GCC_WARN_UNUSED_VARIABLE = YES;
				IPHONEOS_DEPLOYMENT_TARGET = 17.4;
				LOCALIZATION_PREFERS_STRING_CATALOGS = YES;
				MTL_ENABLE_DEBUG_INFO = NO;
				MTL_FAST_MATH = YES;
				SDKROOT = iphoneos;
				SWIFT_COMPILATION_MODE = wholemodule;
				VALIDATE_PRODUCT = YES;
			};
			name = Release;
		};
		586558C62BEF6F1C008D1F7A /* Debug */ = {
			isa = XCBuildConfiguration;
			buildSettings = {
				ASSETCATALOG_COMPILER_APPICON_NAME = AppIcon;
				ASSETCATALOG_COMPILER_GLOBAL_ACCENT_COLOR_NAME = AccentColor;
				CODE_SIGN_STYLE = Automatic;
				CURRENT_PROJECT_VERSION = 1;
				DEVELOPMENT_TEAM = 2P5N39CTA7;
				GENERATE_INFOPLIST_FILE = YES;
				INFOPLIST_FILE = "Amiibo Gallery/App/Info.plist";
				INFOPLIST_KEY_UIApplicationSupportsIndirectInputEvents = YES;
				INFOPLIST_KEY_UILaunchStoryboardName = LaunchScreen;
				INFOPLIST_KEY_UIMainStoryboardFile = "";
				INFOPLIST_KEY_UISupportedInterfaceOrientations = UIInterfaceOrientationPortrait;
				INFOPLIST_KEY_UISupportedInterfaceOrientations_iPad = "UIInterfaceOrientationLandscapeLeft UIInterfaceOrientationLandscapeRight UIInterfaceOrientationPortrait UIInterfaceOrientationPortraitUpsideDown";
				IPHONEOS_DEPLOYMENT_TARGET = 16.0;
				LD_RUNPATH_SEARCH_PATHS = (
					"$(inherited)",
					"@executable_path/Frameworks",
				);
				MARKETING_VERSION = 1.0;
				PRODUCT_BUNDLE_IDENTIFIER = "com.VladisRud.Amiibo-Gallery";
				PRODUCT_NAME = "$(TARGET_NAME)";
				SUPPORTED_PLATFORMS = "iphoneos iphonesimulator";
				SUPPORTS_MACCATALYST = NO;
				SUPPORTS_MAC_DESIGNED_FOR_IPHONE_IPAD = NO;
				SUPPORTS_XR_DESIGNED_FOR_IPHONE_IPAD = NO;
				SWIFT_EMIT_LOC_STRINGS = YES;
				SWIFT_VERSION = 5.0;
				TARGETED_DEVICE_FAMILY = 1;
			};
			name = Debug;
		};
		586558C72BEF6F1C008D1F7A /* Release */ = {
			isa = XCBuildConfiguration;
			buildSettings = {
				ASSETCATALOG_COMPILER_APPICON_NAME = AppIcon;
				ASSETCATALOG_COMPILER_GLOBAL_ACCENT_COLOR_NAME = AccentColor;
				CODE_SIGN_STYLE = Automatic;
				CURRENT_PROJECT_VERSION = 1;
				DEVELOPMENT_TEAM = 2P5N39CTA7;
				GENERATE_INFOPLIST_FILE = YES;
				INFOPLIST_FILE = "Amiibo Gallery/App/Info.plist";
				INFOPLIST_KEY_UIApplicationSupportsIndirectInputEvents = YES;
				INFOPLIST_KEY_UILaunchStoryboardName = LaunchScreen;
				INFOPLIST_KEY_UIMainStoryboardFile = "";
				INFOPLIST_KEY_UISupportedInterfaceOrientations = UIInterfaceOrientationPortrait;
				INFOPLIST_KEY_UISupportedInterfaceOrientations_iPad = "UIInterfaceOrientationLandscapeLeft UIInterfaceOrientationLandscapeRight UIInterfaceOrientationPortrait UIInterfaceOrientationPortraitUpsideDown";
				IPHONEOS_DEPLOYMENT_TARGET = 16.0;
				LD_RUNPATH_SEARCH_PATHS = (
					"$(inherited)",
					"@executable_path/Frameworks",
				);
				MARKETING_VERSION = 1.0;
				PRODUCT_BUNDLE_IDENTIFIER = "com.VladisRud.Amiibo-Gallery";
				PRODUCT_NAME = "$(TARGET_NAME)";
				SUPPORTED_PLATFORMS = "iphoneos iphonesimulator";
				SUPPORTS_MACCATALYST = NO;
				SUPPORTS_MAC_DESIGNED_FOR_IPHONE_IPAD = NO;
				SUPPORTS_XR_DESIGNED_FOR_IPHONE_IPAD = NO;
				SWIFT_EMIT_LOC_STRINGS = YES;
				SWIFT_VERSION = 5.0;
				TARGETED_DEVICE_FAMILY = 1;
			};
			name = Release;
		};
/* End XCBuildConfiguration section */

/* Begin XCConfigurationList section */
		586558AC2BEF6F18008D1F7A /* Build configuration list for PBXProject "Amiibo Gallery" */ = {
			isa = XCConfigurationList;
			buildConfigurations = (
				586558C32BEF6F1C008D1F7A /* Debug */,
				586558C42BEF6F1C008D1F7A /* Release */,
			);
			defaultConfigurationIsVisible = 0;
			defaultConfigurationName = Release;
		};
		586558C52BEF6F1C008D1F7A /* Build configuration list for PBXNativeTarget "Amiibo Gallery" */ = {
			isa = XCConfigurationList;
			buildConfigurations = (
				586558C62BEF6F1C008D1F7A /* Debug */,
				586558C72BEF6F1C008D1F7A /* Release */,
			);
			defaultConfigurationIsVisible = 0;
			defaultConfigurationName = Release;
		};
/* End XCConfigurationList section */
	};
	rootObject = 586558A92BEF6F18008D1F7A /* Project object */;
}
